
Microsoft Visual Studio Solution File, Format Version 12.00
# Visual Studio Version 16
VisualStudioVersion = 16.0.30717.126
MinimumVisualStudioVersion = 10.0.40219.1
Project("{FAE04EC0-301F-11D3-BF4B-00C04F79EFBC}") = "GloableCommunication", "GloableCommunication.csproj", "{6A134C66-16C6-4495-B198-2FAE2A634BF0}"
EndProject
Global
	GlobalSection(SolutionConfigurationPlatforms) = preSolution
		Debug|Any CPU = Debug|Any CPU
		Release|Any CPU = Release|Any CPU
	EndGlobalSection
	GlobalSection(ProjectConfigurationPlatforms) = postSolution
		{6A134C66-16C6-4495-B198-2FAE2A634BF0}.Debug|Any CPU.ActiveCfg = Debug|Any CPU
		{6A134C66-16C6-4495-B198-2FAE2A634BF0}.Debug|Any CPU.Build.0 = Debug|Any CPU
		{6A134C66-16C6-4495-B198-2FAE2A634BF0}.Release|Any CPU.ActiveCfg = Release|Any CPU
		{6A134C66-16C6-4495-B198-2FAE2A634BF0}.Release|Any CPU.Build.0 = Release|Any CPU
	EndGlobalSection
	GlobalSection(SolutionProperties) = preSolution
		HideSolutionNode = FALSE
	EndGlobalSection
	GlobalSection(ExtensibilityGlobals) = postSolution
		SolutionGuid = {D04B5AEE-3A45-4B07-84EE-868D840C9FE4}
	EndGlobalSection
EndGlobal
